PackratFormat: 1.4
PackratVersion: 0.4.8.38
RVersion: 3.4.1
Repos: CRAN=https://cran.ism.ac.jp/

Package: GPArotation
Source: CRAN
Version: 2014.11-1
Hash: 4821625833bcab5af24257ead9119e01

Package: Rcpp
Source: CRAN
Version: 0.12.12
Hash: 8b3d5ebb9a9a4ab5c86b3a81b0cfb774

Package: RcppArmadillo
Source: CRAN
Version: 0.7.960.1.2
Hash: e321d680ed4150e0ba6b95eb88db68b9
Requires: Rcpp

Package: digest
Source: CRAN
Version: 0.6.12
Hash: e53fb8c58673df868183697e39a6a4d6

Package: formatR
Source: CRAN
Version: 1.5
Hash: 258cf79a8dbeedf1c981cdb53837d2af

Package: future
Source: CRAN
Version: 1.6.0
Hash: 85ec8387055b16dd981be5ac5bf746b3
Requires: digest, globals, listenv

Package: globals
Source: CRAN
Version: 0.10.2
Hash: 3c7d46d0cae68e8c935a06c7df4f7146

Package: listenv
Source: CRAN
Version: 0.6.0
Hash: fd36525dac9e5596ef644242a7845c3d

Package: mirt
Source: github
Version: 1.25.2
Hash: aed4a7a4949f3bbd7469a661441b11f8
Requires: GPArotation, Rcpp, RcppArmadillo, numDeriv, sfsmisc
GithubRepo: mirt
GithubUsername: philchalmers
GithubRef: master
GithubSha1: a515df7388c528529c82b72f8f7eda65dae6726b

Package: mnormt
Source: CRAN
Version: 1.5-5
Hash: d0d5efbb1fb26d2dc5f9394c223084b5

Package: nlme
Source: CRAN
Version: 3.1-131
Hash: 7f5580f9c481d6921298f224c391b308

Package: numDeriv
Source: CRAN
Version: 2016.8-1
Hash: 3a9d0fc99ba2f6aaa500b3d584962be2

Package: packrat
Source: github
Version: 0.4.8-38
Hash: 35fdb8e00a6a05f1da8201e9ec85074a
GithubRepo: packrat
GithubUsername: rstudio
GithubRef: master
GithubSha1: df5dd5b6cb9f72010e07ccd3f4f813ab036d42c2

Package: plyr
Source: CRAN
Version: 1.8.4
Hash: 8fbaff6962e3421b5c9652eebae36159
Requires: Rcpp

Package: psych
Source: CRAN
Version: 1.7.5
Hash: 0c076a96de916d0d26d866e83909d961
Requires: mnormt, nlme

Package: sfsmisc
Source: CRAN
Version: 1.1-1
Hash: 00af82c1c08f9a5fb278ca3469b6eaf4
