PackratFormat: 1.4
PackratVersion: 0.4.8.38
RVersion: 3.4.2
Repos: CRAN=https://cran.ism.ac.jp/

Package: CompQuadForm
Source: CRAN
Version: 1.4.3
Hash: 69c5dbdbd7378bb87cef9de70bbef04f

Package: GPArotation
Source: CRAN
Version: 2014.11-1
Hash: 4821625833bcab5af24257ead9119e01

Package: NCmisc
Source: CRAN
Version: 1.1.5
Hash: 36271fad0da381be25d6794c68f2e702
Requires: proftools

Package: R6
Source: CRAN
Version: 2.2.2
Hash: b2366cd9d2f3851a5704b4e192b985c2

Package: Rcpp
Source: CRAN
Version: 0.12.14
Hash: f9a2a481350397e53b0768bf488329cd

Package: RcppArmadillo
Source: CRAN
Version: 0.8.300.1.0
Hash: 3b6ef5b2a56d5db1b6d8c1369b80cb36
Requires: Rcpp

Package: assertthat
Source: CRAN
Version: 0.2.0
Hash: e8805df54c65ac96d50235c44a82615c

Package: backports
Source: CRAN
Version: 1.1.2
Hash: 5ae7b3466e529e4400951ca18c137e40

Package: base64enc
Source: CRAN
Version: 0.1-3
Hash: c590d29e555926af053055e23ee79efb

Package: bitops
Source: CRAN
Version: 1.0-6
Hash: 67d0775189fd0041d95abca618c5c07e

Package: caTools
Source: CRAN
Version: 1.17.1
Hash: 97cb6f6293cd18d17df77a6383cc6763
Requires: bitops

Package: cli
Source: CRAN
Version: 1.0.0
Hash: f4239f89feb7ddc65821e4514e9734ae
Requires: assertthat, crayon

Package: covr
Source: CRAN
Version: 3.0.1
Hash: aab7a1873ad3d943dd4a0ce4edbc2691
Requires: crayon, httr, jsonlite, rex, withr

Package: crayon
Source: CRAN
Version: 1.3.4
Hash: ff2840dd9b0d563fc80377a5a45510cd

Package: curl
Source: CRAN
Version: 3.1
Hash: 877149b42d479b93ab15d5cef46c0f1b

Package: digest
Source: CRAN
Version: 0.6.13
Hash: cfce0bc7ed5ba0cdc47182698fae1d24

Package: evaluate
Source: CRAN
Version: 0.10.1
Hash: 54d95f4ec6d0300100413ed0127d89ae
Requires: stringr

Package: future
Source: github
Version: 1.6.2-9000
Hash: 2455eac0162c3b5c4684c4a9de00d0e1
Requires: digest, globals, listenv
GithubRepo: future
GithubUsername: HenrikBengtsson
GithubRef: develop
GithubSha1: edc04d1f0c381f2911097b3c458f5cbd32cee160

Package: globals
Source: github
Version: 0.10.3-9000
Hash: 4c95bb268a33f2234409625d6ed9bbaa
GithubRepo: globals
GithubUsername: HenrikBengtsson
GithubRef: develop
GithubSha1: ebcfda74cb92743e82f373aa3d347bd46c847f03

Package: highr
Source: CRAN
Version: 0.6
Hash: aa3d5b7912b5fed4b546ed5cd2a1760b

Package: htmltools
Source: CRAN
Version: 0.3.6
Hash: 10db2fe4e1ac6057e5555db165a0d870
Requires: Rcpp, digest

Package: httr
Source: CRAN
Version: 1.3.1
Hash: 2d32e01e53d532c812052e27a1021441
Requires: R6, curl, jsonlite, mime, openssl

Package: jsonlite
Source: CRAN
Version: 1.5
Hash: 9c51936d8dd00b2f1d4fe9d10499694c

Package: knitr
Source: CRAN
Version: 1.18
Hash: 5be8a90c6aac24e7e0a4f18b829cc6e2
Requires: digest, evaluate, highr, markdown, stringr, yaml

Package: lavaan
Source: CRAN
Version: 0.5-23.1097
Hash: 3acbd8e4f2b2ff32317763019c0f3c9f
Requires: mnormt, numDeriv, pbivnorm, quadprog

Package: lazyeval
Source: CRAN
Version: 0.2.1
Hash: 88926ad9c43581fd0822a37c8ed09f05

Package: listenv
Source: CRAN
Version: 0.6.0
Hash: fd36525dac9e5596ef644242a7845c3d

Package: magrittr
Source: CRAN
Version: 1.5
Hash: bdc4d48c3135e8f3b399536ddf160df4

Package: markdown
Source: CRAN
Version: 0.8
Hash: 045d7c594d503b41f1c28946d076c8aa
Requires: mime

Package: mime
Source: CRAN
Version: 0.5
Hash: 463550cf44fb6f0a2359368f42eebe62

Package: mirt
Source: CRAN
Version: 1.26.3
Hash: 9875f221f23a7c92fa53e0dd64d80b54
Requires: GPArotation, Rcpp, RcppArmadillo, vegan

Package: mnormt
Source: CRAN
Version: 1.5-5
Hash: d0d5efbb1fb26d2dc5f9394c223084b5

Package: mvtnorm
Source: CRAN
Version: 1.0-6
Hash: 1f55cdac387721d4eda1126ac9aba73b

Package: nonnest2
Source: CRAN
Version: 0.5
Hash: bbb14f98a79ab43a46306048146588e0
Requires: CompQuadForm, lavaan, mvtnorm, sandwich

Package: numDeriv
Source: CRAN
Version: 2016.8-1
Hash: 3a9d0fc99ba2f6aaa500b3d584962be2

Package: openssl
Source: CRAN
Version: 0.9.9
Hash: 3858537ac10388a5db1687450908f257

Package: packrat
Source: github
Version: 0.4.8-38
Hash: 35fdb8e00a6a05f1da8201e9ec85074a
GithubRepo: packrat
GithubUsername: rstudio
GithubRef: master
GithubSha1: df5dd5b6cb9f72010e07ccd3f4f813ab036d42c2

Package: pbivnorm
Source: CRAN
Version: 0.6.0
Hash: 49a3782a63f861575cd5e3ad0559690f

Package: permute
Source: CRAN
Version: 0.9-4
Hash: 9e0f52c901043914869df608e0c5fa98

Package: plyr
Source: CRAN
Version: 1.8.4
Hash: 39dd3286b865c7b725d74c9a4c1b7931
Requires: Rcpp

Package: praise
Source: CRAN
Version: 1.0.0
Hash: 77da8f1df873a4b91e5c4a68fe2fb1b6

Package: prettyunits
Source: CRAN
Version: 1.0.2
Hash: 49286102a855640daaa38eafe8b1ec30
Requires: assertthat, magrittr

Package: proftools
Source: CRAN
Version: 0.99-2
Hash: 784b0c6eb94b37e20a2678c7bf31a813

Package: progress
Source: CRAN
Version: 1.1.2
Hash: ceef88c244d792a874bdacf72b6a30da
Requires: R6, prettyunits

Package: psych
Source: CRAN
Version: 1.7.8
Hash: a9e7713423365e42e06413285a89e610
Requires: mnormt

Package: quadprog
Source: CRAN
Version: 1.5-5
Hash: 69000b7dc41b09977dcf781f909d235c

Package: rex
Source: CRAN
Version: 1.1.2
Hash: 57541aaae58f1a284a398f5c62c95097
Requires: lazyeval, magrittr

Package: rlang
Source: CRAN
Version: 0.1.6
Hash: 8eb4b2dce38b8f663cb9364b28eaa76b

Package: rmarkdown
Source: CRAN
Version: 1.8
Hash: 2a7842e3cee62a79dd737d17e9e9d86b
Requires: base64enc, evaluate, htmltools, jsonlite, knitr, mime,
    rprojroot, stringr, yaml

Package: rprojroot
Source: CRAN
Version: 1.3-1
Hash: 669bbbe1a44a3fe1e9d076536439b709
Requires: backports

Package: sandwich
Source: CRAN
Version: 2.4-0
Hash: 754ae8e02f70c5561f75f7a95ea452cc
Requires: zoo

Package: stringi
Source: CRAN
Version: 1.1.6
Hash: 4430faf2bcbe1b8de0d9be55bcfdcc0b

Package: stringr
Source: CRAN
Version: 1.2.0
Hash: 25a86d7f410513ebb7c0bc6a5e16bdc3
Requires: magrittr, stringi

Package: testthat
Source: CRAN
Version: 2.0.0
Hash: 537114b476376c5773bf3c557f5bbd19
Requires: R6, cli, crayon, digest, magrittr, praise, rlang, withr

Package: vegan
Source: CRAN
Version: 2.4-5
Hash: 26c371fa0eef9a0e3c7619e1768bf065
Requires: permute

Package: withr
Source: CRAN
Version: 2.1.1
Hash: a86856ae0b4a7c3daf9a3ef0097a403b

Package: yaml
Source: CRAN
Version: 2.1.16
Hash: 784ea5d8302d4a81f166a32a33c10711

Package: zoo
Source: CRAN
Version: 1.8-0
Hash: df9711767f56f086e8a8d1f0fb926ff6
